
Microsoft Visual Studio Solution File, Format Version 12.00
# Visual Studio Version 17
VisualStudioVersion = 17.4.33213.308
MinimumVisualStudioVersion = 10.0.40219.1
Project("{8BC9CEB8-8B4A-11D0-8D11-00A0C91BC942}") = "directx-study", "directx-study.vcxproj", "{C8F3FB40-6665-4243-BB84-9B3EB0EF0950}"
EndProject
Project("{8BC9CEB8-8B4A-11D0-8D11-00A0C91BC942}") = "ObjConverter", "..\ObjConverter\ObjConverter.vcxproj", "{0996E48F-ECDC-4EF9-A6A1-F7B098F201E3}"
EndProject
Project("{8BC9CEB8-8B4A-11D0-8D11-00A0C91BC942}") = "Engine", "..\Engine\Engine.vcxproj", "{4912992D-9E70-4E3E-BC2B-6B8D6FDD280F}"
EndProject
Global
	GlobalSection(SolutionConfigurationPlatforms) = preSolution
		Debug|x64 = Debug|x64
		Debug|x86 = Debug|x86
		Release|x64 = Release|x64
		Release|x86 = Release|x86
	EndGlobalSection
	GlobalSection(ProjectConfigurationPlatforms) = postSolution
		{C8F3FB40-6665-4243-BB84-9B3EB0EF0950}.Debug|x64.ActiveCfg = Debug|x64
		{C8F3FB40-6665-4243-BB84-9B3EB0EF0950}.Debug|x64.Build.0 = Debug|x64
		{C8F3FB40-6665-4243-BB84-9B3EB0EF0950}.Debug|x86.ActiveCfg = Debug|Win32
		{C8F3FB40-6665-4243-BB84-9B3EB0EF0950}.Debug|x86.Build.0 = Debug|Win32
		{C8F3FB40-6665-4243-BB84-9B3EB0EF0950}.Release|x64.ActiveCfg = Release|x64
		{C8F3FB40-6665-4243-BB84-9B3EB0EF0950}.Release|x64.Build.0 = Release|x64
		{C8F3FB40-6665-4243-BB84-9B3EB0EF0950}.Release|x86.ActiveCfg = Release|Win32
		{C8F3FB40-6665-4243-BB84-9B3EB0EF0950}.Release|x86.Build.0 = Release|Win32
		{0996E48F-ECDC-4EF9-A6A1-F7B098F201E3}.Debug|x64.ActiveCfg = Debug|x64
		{0996E48F-ECDC-4EF9-A6A1-F7B098F201E3}.Debug|x64.Build.0 = Debug|x64
		{0996E48F-ECDC-4EF9-A6A1-F7B098F201E3}.Debug|x86.ActiveCfg = Debug|Win32
		{0996E48F-ECDC-4EF9-A6A1-F7B098F201E3}.Debug|x86.Build.0 = Debug|Win32
		{0996E48F-ECDC-4EF9-A6A1-F7B098F201E3}.Release|x64.ActiveCfg = Release|x64
		{0996E48F-ECDC-4EF9-A6A1-F7B098F201E3}.Release|x64.Build.0 = Release|x64
		{0996E48F-ECDC-4EF9-A6A1-F7B098F201E3}.Release|x86.ActiveCfg = Release|Win32
		{0996E48F-ECDC-4EF9-A6A1-F7B098F201E3}.Release|x86.Build.0 = Release|Win32
		{4912992D-9E70-4E3E-BC2B-6B8D6FDD280F}.Debug|x64.ActiveCfg = Debug|x64
		{4912992D-9E70-4E3E-BC2B-6B8D6FDD280F}.Debug|x64.Build.0 = Debug|x64
		{4912992D-9E70-4E3E-BC2B-6B8D6FDD280F}.Debug|x86.ActiveCfg = Debug|Win32
		{4912992D-9E70-4E3E-BC2B-6B8D6FDD280F}.Debug|x86.Build.0 = Debug|Win32
		{4912992D-9E70-4E3E-BC2B-6B8D6FDD280F}.Release|x64.ActiveCfg = Release|x64
		{4912992D-9E70-4E3E-BC2B-6B8D6FDD280F}.Release|x64.Build.0 = Release|x64
		{4912992D-9E70-4E3E-BC2B-6B8D6FDD280F}.Release|x86.ActiveCfg = Release|Win32
		{4912992D-9E70-4E3E-BC2B-6B8D6FDD280F}.Release|x86.Build.0 = Release|Win32
	EndGlobalSection
	GlobalSection(SolutionProperties) = preSolution
		HideSolutionNode = FALSE
	EndGlobalSection
	GlobalSection(ExtensibilityGlobals) = postSolution
		SolutionGuid = {86E6C4E9-887D-4C6C-95EB-B256336B89CC}
	EndGlobalSection
EndGlobal
